
Microsoft Visual Studio Solution File, Format Version 12.00
# Visual Studio Version 17
VisualStudioVersion = 17.2.32519.379
MinimumVisualStudioVersion = 10.0.40219.1
Project("{FAE04EC0-301F-11D3-BF4B-00C04F79EFBC}") = "ArrayArcana", "ArrayArcana\ArrayArcana.csproj", "{0A87867C-B595-47B6-8017-199B15A32100}"
EndProject
Global
	GlobalSection(SolutionConfigurationPlatforms) = preSolution
		Debug|Any CPU = Debug|Any CPU
		Release|Any CPU = Release|Any CPU
	EndGlobalSection
	GlobalSection(ProjectConfigurationPlatforms) = postSolution
		{0A87867C-B595-47B6-8017-199B15A32100}.Debug|Any CPU.ActiveCfg = Debug|Any CPU
		{0A87867C-B595-47B6-8017-199B15A32100}.Debug|Any CPU.Build.0 = Debug|Any CPU
		{0A87867C-B595-47B6-8017-199B15A32100}.Release|Any CPU.ActiveCfg = Release|Any CPU
		{0A87867C-B595-47B6-8017-199B15A32100}.Release|Any CPU.Build.0 = Release|Any CPU
	EndGlobalSection
	GlobalSection(SolutionProperties) = preSolution
		HideSolutionNode = FALSE
	EndGlobalSection
	GlobalSection(ExtensibilityGlobals) = postSolution
		SolutionGuid = {A76B664C-A1C8-4E3E-8FCC-55427952AA33}
	EndGlobalSection
EndGlobal
